<?xml version="1.0" encoding="utf-8"?>
<Project ToolsVersion="4.0" xmlns="http://schemas.microsoft.com/developer/msbuild/2003">
  <ItemGroup>
    <Filter Include="ソース ファイル">
      <UniqueIdentifier>{4FC737F1-C7A5-4376-A066-2A32D752A2FF}</UniqueIdentifier>
      <Extensions>cpp;c;cc;cxx;def;odl;idl;hpj;bat;asm;asmx</Extensions>
    </Filter>
    <Filter Include="ヘッダー ファイル">
      <UniqueIdentifier>{93995380-89BD-4b04-88EB-625FBE52EBFB}</UniqueIdentifier>
      <Extensions>h;hh;hpp;hxx;hm;inl;inc;xsd</Extensions>
    </Filter>
    <Filter Include="リソース ファイル">
      <UniqueIdentifier>{67DA6AB6-F800-4c08-8B7A-83BB121AAD01}</UniqueIdentifier>
      <Extensions>rc;ico;cur;bmp;dlg;rc2;rct;bin;rgs;gif;jpg;jpeg;jpe;resx;tiff;tif;png;wav;mfcribbon-ms</Extensions>
    </Filter>
  </ItemGroup>
  <ItemGroup>
    <ClInclude Include="include\EdgeDetector.h">
      <Filter>ヘッダー ファイル</Filter>
    </ClInclude>
    <ClInclude Include="include\OsakanaPitchDetection.h">
      <Filter>ヘッダー ファイル</Filter>
    </ClInclude>
    <ClInclude Include="include\OsakanaPitchDetectionFp.h">
      <Filter>ヘッダー ファイル</Filter>
    </ClInclude>
    <ClInclude Include="include\OsakanaPitchDetectionCommon.h">
      <Filter>ヘッダー ファイル</Filter>
    </ClInclude>
    <ClInclude Include="src\NoteTable8.h">
      <Filter>ソース ファイル</Filter>
    </ClInclude>
    <ClInclude Include="src\PeakDetectMachine.h">
      <Filter>ソース ファイル</Filter>
    </ClInclude>
    <ClInclude Include="src\PeakDetectMachineCommon.h">
      <Filter>ソース ファイル</Filter>
    </ClInclude>
    <ClInclude Include="src\PeakDetectMachineFp.h">
      <Filter>ソース ファイル</Filter>
    </ClInclude>
    <ClInclude Include="src\ContinuityDetector.h">
      <Filter>ソース ファイル</Filter>
    </ClInclude>
    <ClInclude Include="src\VolumeComparator.h">
      <Filter>ソース ファイル</Filter>
    </ClInclude>
    <ClInclude Include="include\MelodyDetector.h">
      <Filter>ヘッダー ファイル</Filter>
    </ClInclude>
    <ClInclude Include="include\ResponsiveMelodyDetector.h">
      <Filter>ヘッダー ファイル</Filter>
    </ClInclude>
    <ClInclude Include="include\MelodyCommandReceiver.h">
      <Filter>ヘッダー ファイル</Filter>
    </ClInclude>
    <ClInclude Include="src\NoteTable8IndexRange.h">
      <Filter>ソース ファイル</Filter>
    </ClInclude>
    <ClInclude Include="include\PitchDiagnostic.h">
      <Filter>ヘッダー ファイル</Filter>
    </ClInclude>
  </ItemGroup>
  <ItemGroup>
    <ClCompile Include="src\EdgeDetector.cpp">
      <Filter>ソース ファイル</Filter>
    </ClCompile>
    <ClCompile Include="src\PeakDetectMachine.cpp">
      <Filter>ソース ファイル</Filter>
    </ClCompile>
    <ClCompile Include="src\PeakDetectMachineFp.cpp">
      <Filter>ソース ファイル</Filter>
    </ClCompile>
    <ClCompile Include="src\OsakanaPitchDetection.cpp">
      <Filter>ソース ファイル</Filter>
    </ClCompile>
    <ClCompile Include="src\OsakanaPitchDetectionFp.cpp">
      <Filter>ソース ファイル</Filter>
    </ClCompile>
    <ClCompile Include="src\ContinuityDetector.cpp">
      <Filter>ソース ファイル</Filter>
    </ClCompile>
    <ClCompile Include="src\VolumeComparator.cpp">
      <Filter>ソース ファイル</Filter>
    </ClCompile>
    <ClCompile Include="src\MelodyDetector.cpp">
      <Filter>ソース ファイル</Filter>
    </ClCompile>
    <ClCompile Include="src\ResponsiveMelodyDetector.cpp">
      <Filter>ソース ファイル</Filter>
    </ClCompile>
    <ClCompile Include="src\MelodyCommandReceiver.cpp">
      <Filter>ソース ファイル</Filter>
    </ClCompile>
    <ClCompile Include="src\PitchDiagnostic.cpp">
      <Filter>ソース ファイル</Filter>
    </ClCompile>
  </ItemGroup>
</Project>